
Microsoft Visual Studio Solution File, Format Version 12.00
Project("{FAE04EC0-301F-11D3-BF4B-00C04F79EFBC}") = "backend", "backend\backend.csproj", "{3AF5AED7-8446-4983-AFC7-015256FA820D}"
EndProject
Global
	GlobalSection(SolutionConfigurationPlatforms) = preSolution
		Debug|Any CPU = Debug|Any CPU
		Release|Any CPU = Release|Any CPU
	EndGlobalSection
	GlobalSection(ProjectConfigurationPlatforms) = postSolution
		{3AF5AED7-8446-4983-AFC7-015256FA820D}.Debug|Any CPU.ActiveCfg = Debug|Any CPU
		{3AF5AED7-8446-4983-AFC7-015256FA820D}.Debug|Any CPU.Build.0 = Debug|Any CPU
		{3AF5AED7-8446-4983-AFC7-015256FA820D}.Release|Any CPU.ActiveCfg = Release|Any CPU
		{3AF5AED7-8446-4983-AFC7-015256FA820D}.Release|Any CPU.Build.0 = Release|Any CPU
	EndGlobalSection
EndGlobal
